
Microsoft Visual Studio Solution File, Format Version 12.00
# Visual Studio 2013
VisualStudioVersion = 12.0.30110.0
MinimumVisualStudioVersion = 10.0.40219.1
Project("{FAE04EC0-301F-11D3-BF4B-00C04F79EFBC}") = "Demo3", "Demo3\Demo3.csproj", "{3F207EA3-5899-4F0D-9969-0982E3CC1A4A}"
EndProject
Project("{FAE04EC0-301F-11D3-BF4B-00C04F79EFBC}") = "AppTier", "AppTier\AppTier.csproj", "{950E7FF7-8976-4664-B369-2D77D71788EF}"
EndProject
Project("{2150E333-8FDC-42A3-9474-1A3956D46DE8}") = ".nuget", ".nuget", "{C84E2154-6485-4F66-8D12-D45CC64F26CB}"
	ProjectSection(SolutionItems) = preProject
		.nuget\NuGet.Config = .nuget\NuGet.Config
		.nuget\NuGet.exe = .nuget\NuGet.exe
		.nuget\NuGet.targets = .nuget\NuGet.targets
	EndProjectSection
EndProject
Global
	GlobalSection(SolutionConfigurationPlatforms) = preSolution
		Debug|Any CPU = Debug|Any CPU
		Release|Any CPU = Release|Any CPU
	EndGlobalSection
	GlobalSection(ProjectConfigurationPlatforms) = postSolution
		{3F207EA3-5899-4F0D-9969-0982E3CC1A4A}.Debug|Any CPU.ActiveCfg = Debug|Any CPU
		{3F207EA3-5899-4F0D-9969-0982E3CC1A4A}.Debug|Any CPU.Build.0 = Debug|Any CPU
		{3F207EA3-5899-4F0D-9969-0982E3CC1A4A}.Release|Any CPU.ActiveCfg = Release|Any CPU
		{3F207EA3-5899-4F0D-9969-0982E3CC1A4A}.Release|Any CPU.Build.0 = Release|Any CPU
		{950E7FF7-8976-4664-B369-2D77D71788EF}.Debug|Any CPU.ActiveCfg = Debug|Any CPU
		{950E7FF7-8976-4664-B369-2D77D71788EF}.Debug|Any CPU.Build.0 = Debug|Any CPU
		{950E7FF7-8976-4664-B369-2D77D71788EF}.Release|Any CPU.ActiveCfg = Release|Any CPU
		{950E7FF7-8976-4664-B369-2D77D71788EF}.Release|Any CPU.Build.0 = Release|Any CPU
	EndGlobalSection
	GlobalSection(SolutionProperties) = preSolution
		HideSolutionNode = FALSE
	EndGlobalSection
EndGlobal
